
Microsoft Visual Studio Solution File, Format Version 12.00
# Visual Studio Version 16
VisualStudioVersion = 16.0.28803.156
MinimumVisualStudioVersion = 10.0.40219.1
Project("{9A19103F-16F7-4668-BE54-9A1E7A4F7556}") = "p01_BlankReceipt", "p01_BlankReceipt\p01_BlankReceipt.csproj", "{ECFC99EE-5071-4B23-AC3A-10DA9273403F}"
EndProject
Project("{9A19103F-16F7-4668-BE54-9A1E7A4F7556}") = "p02_SignOfIntegerNumbers", "p02_SignOfIntegerNumbers\p02_SignOfIntegerNumbers.csproj", "{A824BB31-2660-4DC3-BCE5-CA3F3F24C61B}"
EndProject
Project("{9A19103F-16F7-4668-BE54-9A1E7A4F7556}") = "p03_PrintingTriangle", "p03_PrintingTriangle\p03_PrintingTriangle.csproj", "{90638946-588A-4663-BAFC-A9BD51BC54E8}"
EndProject
Project("{9A19103F-16F7-4668-BE54-9A1E7A4F7556}") = "p04_DrawAFilledSquare", "p04_DrawAFilledSquare\p04_DrawAFilledSquare.csproj", "{E15F8E5E-4281-42B9-B0DF-5328F2C472B9}"
EndProject
Project("{9A19103F-16F7-4668-BE54-9A1E7A4F7556}") = "p05_TemperatureConversion", "p05_TemperatureConversion\p05_TemperatureConversion.csproj", "{174C1D05-D598-4F7B-98EC-51A11B0154E8}"
EndProject
Project("{9A19103F-16F7-4668-BE54-9A1E7A4F7556}") = "p06_CalculateTriangleArea", "p06_CalculateTriangleArea\p06_CalculateTriangleArea.csproj", "{93F24F44-317F-4F67-B0A5-EAC75CED2926}"
EndProject
Project("{9A19103F-16F7-4668-BE54-9A1E7A4F7556}") = "p07_MathPower", "p07_MathPower\p07_MathPower.csproj", "{3EBDEB6D-9E5D-4B00-AC66-CD7E779A00A5}"
EndProject
Project("{9A19103F-16F7-4668-BE54-9A1E7A4F7556}") = "p08_GreaterOfTwoValues", "p08_GreaterOfTwoValues\p08_GreaterOfTwoValues.csproj", "{D81DF8B3-5D8B-4A6F-8D3A-120DEBACFA9F}"
EndProject
Project("{9A19103F-16F7-4668-BE54-9A1E7A4F7556}") = "p09_MultiplyEvensByOdds", "p09_MultiplyEvensByOdds\p09_MultiplyEvensByOdds.csproj", "{B1C79495-2EC8-4378-8602-6FA5E90C4076}"
EndProject
Project("{9A19103F-16F7-4668-BE54-9A1E7A4F7556}") = "p10_HolidaysBetweenTwoDates", "p10_HolidaysBetweenTwoDates\p10_HolidaysBetweenTwoDates.csproj", "{8A3CB0FE-4FBB-4B84-ACA7-5692995ED633}"
EndProject
Global
	GlobalSection(SolutionConfigurationPlatforms) = preSolution
		Debug|Any CPU = Debug|Any CPU
		Release|Any CPU = Release|Any CPU
	EndGlobalSection
	GlobalSection(ProjectConfigurationPlatforms) = postSolution
		{ECFC99EE-5071-4B23-AC3A-10DA9273403F}.Debug|Any CPU.ActiveCfg = Debug|Any CPU
		{ECFC99EE-5071-4B23-AC3A-10DA9273403F}.Debug|Any CPU.Build.0 = Debug|Any CPU
		{ECFC99EE-5071-4B23-AC3A-10DA9273403F}.Release|Any CPU.ActiveCfg = Release|Any CPU
		{ECFC99EE-5071-4B23-AC3A-10DA9273403F}.Release|Any CPU.Build.0 = Release|Any CPU
		{A824BB31-2660-4DC3-BCE5-CA3F3F24C61B}.Debug|Any CPU.ActiveCfg = Debug|Any CPU
		{A824BB31-2660-4DC3-BCE5-CA3F3F24C61B}.Debug|Any CPU.Build.0 = Debug|Any CPU
		{A824BB31-2660-4DC3-BCE5-CA3F3F24C61B}.Release|Any CPU.ActiveCfg = Release|Any CPU
		{A824BB31-2660-4DC3-BCE5-CA3F3F24C61B}.Release|Any CPU.Build.0 = Release|Any CPU
		{90638946-588A-4663-BAFC-A9BD51BC54E8}.Debug|Any CPU.ActiveCfg = Debug|Any CPU
		{90638946-588A-4663-BAFC-A9BD51BC54E8}.Debug|Any CPU.Build.0 = Debug|Any CPU
		{90638946-588A-4663-BAFC-A9BD51BC54E8}.Release|Any CPU.ActiveCfg = Release|Any CPU
		{90638946-588A-4663-BAFC-A9BD51BC54E8}.Release|Any CPU.Build.0 = Release|Any CPU
		{E15F8E5E-4281-42B9-B0DF-5328F2C472B9}.Debug|Any CPU.ActiveCfg = Debug|Any CPU
		{E15F8E5E-4281-42B9-B0DF-5328F2C472B9}.Debug|Any CPU.Build.0 = Debug|Any CPU
		{E15F8E5E-4281-42B9-B0DF-5328F2C472B9}.Release|Any CPU.ActiveCfg = Release|Any CPU
		{E15F8E5E-4281-42B9-B0DF-5328F2C472B9}.Release|Any CPU.Build.0 = Release|Any CPU
		{174C1D05-D598-4F7B-98EC-51A11B0154E8}.Debug|Any CPU.ActiveCfg = Debug|Any CPU
		{174C1D05-D598-4F7B-98EC-51A11B0154E8}.Debug|Any CPU.Build.0 = Debug|Any CPU
		{174C1D05-D598-4F7B-98EC-51A11B0154E8}.Release|Any CPU.ActiveCfg = Release|Any CPU
		{174C1D05-D598-4F7B-98EC-51A11B0154E8}.Release|Any CPU.Build.0 = Release|Any CPU
		{93F24F44-317F-4F67-B0A5-EAC75CED2926}.Debug|Any CPU.ActiveCfg = Debug|Any CPU
		{93F24F44-317F-4F67-B0A5-EAC75CED2926}.Debug|Any CPU.Build.0 = Debug|Any CPU
		{93F24F44-317F-4F67-B0A5-EAC75CED2926}.Release|Any CPU.ActiveCfg = Release|Any CPU
		{93F24F44-317F-4F67-B0A5-EAC75CED2926}.Release|Any CPU.Build.0 = Release|Any CPU
		{3EBDEB6D-9E5D-4B00-AC66-CD7E779A00A5}.Debug|Any CPU.ActiveCfg = Debug|Any CPU
		{3EBDEB6D-9E5D-4B00-AC66-CD7E779A00A5}.Debug|Any CPU.Build.0 = Debug|Any CPU
		{3EBDEB6D-9E5D-4B00-AC66-CD7E779A00A5}.Release|Any CPU.ActiveCfg = Release|Any CPU
		{3EBDEB6D-9E5D-4B00-AC66-CD7E779A00A5}.Release|Any CPU.Build.0 = Release|Any CPU
		{D81DF8B3-5D8B-4A6F-8D3A-120DEBACFA9F}.Debug|Any CPU.ActiveCfg = Debug|Any CPU
		{D81DF8B3-5D8B-4A6F-8D3A-120DEBACFA9F}.Debug|Any CPU.Build.0 = Debug|Any CPU
		{D81DF8B3-5D8B-4A6F-8D3A-120DEBACFA9F}.Release|Any CPU.ActiveCfg = Release|Any CPU
		{D81DF8B3-5D8B-4A6F-8D3A-120DEBACFA9F}.Release|Any CPU.Build.0 = Release|Any CPU
		{B1C79495-2EC8-4378-8602-6FA5E90C4076}.Debug|Any CPU.ActiveCfg = Debug|Any CPU
		{B1C79495-2EC8-4378-8602-6FA5E90C4076}.Debug|Any CPU.Build.0 = Debug|Any CPU
		{B1C79495-2EC8-4378-8602-6FA5E90C4076}.Release|Any CPU.ActiveCfg = Release|Any CPU
		{B1C79495-2EC8-4378-8602-6FA5E90C4076}.Release|Any CPU.Build.0 = Release|Any CPU
		{8A3CB0FE-4FBB-4B84-ACA7-5692995ED633}.Debug|Any CPU.ActiveCfg = Debug|Any CPU
		{8A3CB0FE-4FBB-4B84-ACA7-5692995ED633}.Debug|Any CPU.Build.0 = Debug|Any CPU
		{8A3CB0FE-4FBB-4B84-ACA7-5692995ED633}.Release|Any CPU.ActiveCfg = Release|Any CPU
		{8A3CB0FE-4FBB-4B84-ACA7-5692995ED633}.Release|Any CPU.Build.0 = Release|Any CPU
	EndGlobalSection
	GlobalSection(SolutionProperties) = preSolution
		HideSolutionNode = FALSE
	EndGlobalSection
	GlobalSection(ExtensibilityGlobals) = postSolution
		SolutionGuid = {84071BE9-C406-488A-9A84-C6BA66CBBE41}
	EndGlobalSection
EndGlobal
