
Microsoft Visual Studio Solution File, Format Version 12.00
# Visual Studio Version 16
VisualStudioVersion = 16.0.28803.156
MinimumVisualStudioVersion = 10.0.40219.1
Project("{FAE04EC0-301F-11D3-BF4B-00C04F79EFBC}") = "p01_DebitCardNumber", "p01_DebitCardNumber\p01_DebitCardNumber.csproj", "{17822FF6-6DF1-45F5-8D81-0C4FD4947AFB}"
EndProject
Project("{FAE04EC0-301F-11D3-BF4B-00C04F79EFBC}") = "p02_RectangleArea", "p02_RectangleArea\p02_RectangleArea.csproj", "{2CBB9913-5518-41E9-8A5D-9BD7C4CDB19A}"
EndProject
Project("{FAE04EC0-301F-11D3-BF4B-00C04F79EFBC}") = "p03_MilesToKilometers", "p03_MilesToKilometers\p03_MilesToKilometers.csproj", "{0EBE5859-50C6-47B9-8A3E-89379346F362}"
EndProject
Project("{FAE04EC0-301F-11D3-BF4B-00C04F79EFBC}") = "p04_BeverageLabels", "p04_BeverageLevels\p04_BeverageLabels.csproj", "{99C8FE52-10EB-44F3-89F5-330BAFC592BD}"
EndProject
Project("{FAE04EC0-301F-11D3-BF4B-00C04F79EFBC}") = "p05_CharacterStats", "p05_CharacterStats\p05_CharacterStats.csproj", "{1E031D90-50B6-4946-9C14-224BC579F0F2}"
EndProject
Global
	GlobalSection(SolutionConfigurationPlatforms) = preSolution
		Debug|Any CPU = Debug|Any CPU
		Release|Any CPU = Release|Any CPU
	EndGlobalSection
	GlobalSection(ProjectConfigurationPlatforms) = postSolution
		{17822FF6-6DF1-45F5-8D81-0C4FD4947AFB}.Debug|Any CPU.ActiveCfg = Debug|Any CPU
		{17822FF6-6DF1-45F5-8D81-0C4FD4947AFB}.Debug|Any CPU.Build.0 = Debug|Any CPU
		{17822FF6-6DF1-45F5-8D81-0C4FD4947AFB}.Release|Any CPU.ActiveCfg = Release|Any CPU
		{17822FF6-6DF1-45F5-8D81-0C4FD4947AFB}.Release|Any CPU.Build.0 = Release|Any CPU
		{2CBB9913-5518-41E9-8A5D-9BD7C4CDB19A}.Debug|Any CPU.ActiveCfg = Debug|Any CPU
		{2CBB9913-5518-41E9-8A5D-9BD7C4CDB19A}.Debug|Any CPU.Build.0 = Debug|Any CPU
		{2CBB9913-5518-41E9-8A5D-9BD7C4CDB19A}.Release|Any CPU.ActiveCfg = Release|Any CPU
		{2CBB9913-5518-41E9-8A5D-9BD7C4CDB19A}.Release|Any CPU.Build.0 = Release|Any CPU
		{0EBE5859-50C6-47B9-8A3E-89379346F362}.Debug|Any CPU.ActiveCfg = Debug|Any CPU
		{0EBE5859-50C6-47B9-8A3E-89379346F362}.Debug|Any CPU.Build.0 = Debug|Any CPU
		{0EBE5859-50C6-47B9-8A3E-89379346F362}.Release|Any CPU.ActiveCfg = Release|Any CPU
		{0EBE5859-50C6-47B9-8A3E-89379346F362}.Release|Any CPU.Build.0 = Release|Any CPU
		{99C8FE52-10EB-44F3-89F5-330BAFC592BD}.Debug|Any CPU.ActiveCfg = Debug|Any CPU
		{99C8FE52-10EB-44F3-89F5-330BAFC592BD}.Debug|Any CPU.Build.0 = Debug|Any CPU
		{99C8FE52-10EB-44F3-89F5-330BAFC592BD}.Release|Any CPU.ActiveCfg = Release|Any CPU
		{99C8FE52-10EB-44F3-89F5-330BAFC592BD}.Release|Any CPU.Build.0 = Release|Any CPU
		{1E031D90-50B6-4946-9C14-224BC579F0F2}.Debug|Any CPU.ActiveCfg = Debug|Any CPU
		{1E031D90-50B6-4946-9C14-224BC579F0F2}.Debug|Any CPU.Build.0 = Debug|Any CPU
		{1E031D90-50B6-4946-9C14-224BC579F0F2}.Release|Any CPU.ActiveCfg = Release|Any CPU
		{1E031D90-50B6-4946-9C14-224BC579F0F2}.Release|Any CPU.Build.0 = Release|Any CPU
	EndGlobalSection
	GlobalSection(SolutionProperties) = preSolution
		HideSolutionNode = FALSE
	EndGlobalSection
	GlobalSection(ExtensibilityGlobals) = postSolution
		SolutionGuid = {0246C41F-E8C5-46FD-BCE0-D5879A81509E}
	EndGlobalSection
EndGlobal
